{
  "originHash" : "b71fcc9f73d3e5687aac76fa3b6ee239f153a8d64fc55f3e27d9368516bd95f3",
  "pins" : [
    {
      "identity" : "matroska-swift",
      "kind" : "remoteSourceControl",
      "location" : "https://github.com/xocialize/matroska-swift.git",
      "state" : {
        "revision" : "7baa8a635259bc9bd2b7f3a3dffff6bcd700e453",
        "version" : "0.2.0"
      }
    },
    {
      "identity" : "media-bridge",
      "kind" : "remoteSourceControl",
      "location" : "https://github.com/xocialize/media-bridge.git",
      "state" : {
        "revision" : "c37a5c8f5c38660f919a6d24ac5a5ce5a1d05e5f",
        "version" : "0.23.0"
      }
    }
  ],
  "version" : 3
}
