{
  "originHash" : "d890595c898874f6d04c9aa7714a221a02d4bec74e118d0986c29a39fd0d2036",
  "pins" : [
    {
      "identity" : "matroska-swift",
      "kind" : "remoteSourceControl",
      "location" : "https://github.com/xocialize/matroska-swift.git",
      "state" : {
        "revision" : "7baa8a635259bc9bd2b7f3a3dffff6bcd700e453",
        "version" : "0.2.0"
      }
    },
    {
      "identity" : "media-bridge",
      "kind" : "remoteSourceControl",
      "location" : "https://github.com/xocialize/media-bridge.git",
      "state" : {
        "revision" : "8405f587633aa64c61a8995f4da0557067f68c04",
        "version" : "0.38.1"
      }
    }
  ],
  "version" : 3
}
