{
  "originHash" : "ceab3179c3ebbb543b9b9f0a3898a29b7e0d172b14253630676cb9d0ad6d23a8",
  "pins" : [
    {
      "identity" : "matroska-swift",
      "kind" : "remoteSourceControl",
      "location" : "https://github.com/xocialize/matroska-swift.git",
      "state" : {
        "revision" : "7baa8a635259bc9bd2b7f3a3dffff6bcd700e453",
        "version" : "0.2.0"
      }
    },
    {
      "identity" : "media-bridge",
      "kind" : "remoteSourceControl",
      "location" : "https://github.com/xocialize/media-bridge.git",
      "state" : {
        "revision" : "ec3e67427f003148714ebe271120dd78c29f9116",
        "version" : "0.39.1"
      }
    }
  ],
  "version" : 3
}
